
Microsoft Visual Studio Solution File, Format Version 12.00
# Visual Studio Version 16
VisualStudioVersion = 16.0.31129.286
MinimumVisualStudioVersion = 10.0.40219.1
Project("{FAE04EC0-301F-11D3-BF4B-00C04F79EFBC}") = "Doan", "Doan\Doan.csproj", "{3D62F418-A3F2-4603-AD47-9A7C56E319A4}"
EndProject
Global
	GlobalSection(SolutionConfigurationPlatforms) = preSolution
		Debug|Any CPU = Debug|Any CPU
		Release|Any CPU = Release|Any CPU
	EndGlobalSection
	GlobalSection(ProjectConfigurationPlatforms) = postSolution
		{3D62F418-A3F2-4603-AD47-9A7C56E319A4}.Debug|Any CPU.ActiveCfg = Debug|Any CPU
		{3D62F418-A3F2-4603-AD47-9A7C56E319A4}.Debug|Any CPU.Build.0 = Debug|Any CPU
		{3D62F418-A3F2-4603-AD47-9A7C56E319A4}.Release|Any CPU.ActiveCfg = Release|Any CPU
		{3D62F418-A3F2-4603-AD47-9A7C56E319A4}.Release|Any CPU.Build.0 = Release|Any CPU
	EndGlobalSection
	GlobalSection(SolutionProperties) = preSolution
		HideSolutionNode = FALSE
	EndGlobalSection
	GlobalSection(ExtensibilityGlobals) = postSolution
		SolutionGuid = {4A3D6E7A-1663-47BA-AA3D-E5BF48D57337}
	EndGlobalSection
EndGlobal
